{
  "name": "asp.net",
  "version": "1.0.0",
  "lockfileVersion": 1,
  "requires": true,
  "dependencies": {
    "bootstrap": {
      "version": "3.3.7",
      "resolved": "https://registry.npmjs.org/bootstrap/-/bootstrap-3.3.7.tgz",
      "integrity": "sha1-WjiTlFSfIzMIdaOxUGVldPip63E=",
      "dev": true
    },
    "bootstrap-daterangepicker": {
      "version": "2.1.25",
      "resolved": "https://registry.npmjs.org/bootstrap-daterangepicker/-/bootstrap-daterangepicker-2.1.25.tgz",
      "integrity": "sha1-/Ni6C3VaBU0zDXo7fE3Yu4Vc/7c=",
      "dev": true,
      "requires": {
        "jquery": ">=1.10",
        "moment": "^2.9.0"
      }
    },
    "chart.js": {
      "version": "2.7.1",
      "resolved": "https://registry.npmjs.org/chart.js/-/chart.js-2.7.1.tgz",
      "integrity": "sha512-pX1oQAY86MiuyZ2hY593Acbl4MLHKrBBhhmZ1YqSadzQbbsBE2rnd6WISoHjIsdf0WDeC0hbePYCz2ZxkV8L+g==",
      "dev": true,
      "requires": {
        "chartjs-color": "~2.2.0",
        "moment": "~2.18.0"
      },
      "dependencies": {
        "moment": {
          "version": "2.18.1",
          "resolved": "https://registry.npmjs.org/moment/-/moment-2.18.1.tgz",
          "integrity": "sha1-w2GT3Tzhwu7SrbfIAtu8d6gbHA8=",
          "dev": true
        }
      }
    },
    "chartjs-color": {
      "version": "2.2.0",
      "resolved": "https://registry.npmjs.org/chartjs-color/-/chartjs-color-2.2.0.tgz",
      "integrity": "sha1-hKL7dVeH7YXDndbdjHsdiEKbrq4=",
      "dev": true,
      "requires": {
        "chartjs-color-string": "^0.5.0",
        "color-convert": "^0.5.3"
      }
    },
    "chartjs-color-string": {
      "version": "0.5.0",
      "resolved": "https://registry.npmjs.org/chartjs-color-string/-/chartjs-color-string-0.5.0.tgz",
      "integrity": "sha512-amWNvCOXlOUYxZVDSa0YOab5K/lmEhbFNKI55PWc4mlv28BDzA7zaoQTGxSBgJMHIW+hGX8YUrvw/FH4LyhwSQ==",
      "dev": true,
      "requires": {
        "color-name": "^1.0.0"
      }
    },
    "color-convert": {
      "version": "0.5.3",
      "resolved": "https://registry.npmjs.org/color-convert/-/color-convert-0.5.3.tgz",
      "integrity": "sha1-vbbGnOZg+t/+CwAHzER+G59ygr0=",
      "dev": true
    },
    "color-name": {
      "version": "1.1.4",
      "resolved": "https://registry.npmjs.org/color-name/-/color-name-1.1.4.tgz",
      "integrity": "sha512-dOy+3AuW3a2wNbZHIuMZpTcgjGuLU/uBL/ubcZF9OXbDo8ff4O8yVp5Bf0efS8uEoYo5q4Fx7dY9OgQGXgAsQA==",
      "dev": true
    },
    "datejs": {
      "version": "1.0.0-rc3",
      "resolved": "https://registry.npmjs.org/datejs/-/datejs-1.0.0-rc3.tgz",
      "integrity": "sha1-v/oe/t7+tB/diiQq9Vr6AftY3lc=",
      "dev": true
    },
    "fastclick": {
      "version": "1.0.6",
      "resolved": "https://registry.npmjs.org/fastclick/-/fastclick-1.0.6.tgz",
      "integrity": "sha1-FhYlsnsaWAZAWTa9qaLBkm0Gvmo=",
      "dev": true
    },
    "flot": {
      "version": "0.8.3",
      "resolved": "https://registry.npmjs.org/flot/-/flot-0.8.3.tgz",
      "integrity": "sha512-xg2otcTJDvS+ERK+my4wxG/ASq90QURXtoM4LhacCq0jQW2jbyjdttbRNqU2cPykrpMvJ6b2uSp6SAgYAzj9tQ==",
      "dev": true
    },
    "flot-orderbars": {
      "version": "1.0.0",
      "resolved": "https://registry.npmjs.org/flot-orderbars/-/flot-orderbars-1.0.0.tgz",
      "integrity": "sha1-kSuWhBgtn7/ZDjrMZmLhxSuhSHo=",
      "dev": true
    },
    "flot-spline": {
      "version": "0.0.1",
      "resolved": "https://registry.npmjs.org/flot-spline/-/flot-spline-0.0.1.tgz",
      "integrity": "sha1-RuaoZnC9SZ5cx02G6gW953gLCeY=",
      "dev": true
    },
    "flot.curvedlines": {
      "version": "1.1.1",
      "resolved": "https://registry.npmjs.org/flot.curvedlines/-/flot.curvedlines-1.1.1.tgz",
      "integrity": "sha1-7JQ+07dWtTIusdVmMipWBiddAdA=",
      "dev": true
    },
    "font-awesome": {
      "version": "4.7.0",
      "resolved": "https://registry.npmjs.org/font-awesome/-/font-awesome-4.7.0.tgz",
      "integrity": "sha1-j6jPBBGhoxr9B7BtKQK7n8gVoTM=",
      "dev": true
    },
    "gentelella": {
      "version": "1.4.0",
      "resolved": "https://registry.npmjs.org/gentelella/-/gentelella-1.4.0.tgz",
      "integrity": "sha512-lp54+y6bwSLHF6KMstW2jD6oqV68vLMnFqMqATRp5a/8Tp52NYly7Q+5FZIMaNKATrb3EKx+BN/bKpaZ4BYLEw==",
      "dev": true
    },
    "jquery": {
      "version": "2.2.0",
      "resolved": "https://registry.npmjs.org/jquery/-/jquery-2.2.0.tgz",
      "integrity": "sha1-0OhOu/GZ2lG/fsOTB/GbNXVOnLo=",
      "dev": true
    },
    "jquery-sparkline": {
      "version": "1.0.0",
      "resolved": "https://registry.npmjs.org/jquery-sparkline/-/jquery-sparkline-1.0.0.tgz",
      "integrity": "sha1-9cbpS+LkctNxFYuhZtVZdS2aZpE=",
      "dev": true
    },
    "jquery-validation": {
      "version": "1.14.0",
      "resolved": "https://registry.npmjs.org/jquery-validation/-/jquery-validation-1.14.0.tgz",
      "integrity": "sha1-uMBMnaGSkvwz4twFm2JMWTcVsjo=",
      "dev": true
    },
    "jquery-validation-unobtrusive": {
      "version": "3.2.6",
      "resolved": "https://registry.npmjs.org/jquery-validation-unobtrusive/-/jquery-validation-unobtrusive-3.2.6.tgz",
      "integrity": "sha1-D4dnxUYuMLSldD0SRh6AV9p1cuU=",
      "dev": true,
      "requires": {
        "jquery": ">=1.8",
        "jquery-validation": ">=1.8"
      }
    },
    "moment": {
      "version": "2.19.1",
      "resolved": "https://registry.npmjs.org/moment/-/moment-2.19.1.tgz",
      "integrity": "sha1-VtoaLRy/AdOLfhr8McELz6GSkWc=",
      "dev": true
    },
    "nprogress": {
      "version": "0.2.0",
      "resolved": "https://registry.npmjs.org/nprogress/-/nprogress-0.2.0.tgz",
      "integrity": "sha1-y480xTIT2JVyP8urkH6UIq28r7E=",
      "dev": true
    }
  }
}
